
Microsoft Visual Studio Solution File, Format Version 12.00
# Visual Studio Version 17
VisualStudioVersion = 17.5.33530.505
MinimumVisualStudioVersion = 10.0.40219.1
Project("{FAE04EC0-301F-11D3-BF4B-00C04F79EFBC}") = "DateTimeExample", "DateTimeExample.csproj", "{68D54C57-DB71-4A04-A0A6-178F639405F7}"
EndProject
Global
	GlobalSection(SolutionConfigurationPlatforms) = preSolution
		Debug|Any CPU = Debug|Any CPU
		Release|Any CPU = Release|Any CPU
	EndGlobalSection
	GlobalSection(ProjectConfigurationPlatforms) = postSolution
		{68D54C57-DB71-4A04-A0A6-178F639405F7}.Debug|Any CPU.ActiveCfg = Debug|Any CPU
		{68D54C57-DB71-4A04-A0A6-178F639405F7}.Debug|Any CPU.Build.0 = Debug|Any CPU
		{68D54C57-DB71-4A04-A0A6-178F639405F7}.Release|Any CPU.ActiveCfg = Release|Any CPU
		{68D54C57-DB71-4A04-A0A6-178F639405F7}.Release|Any CPU.Build.0 = Release|Any CPU
	EndGlobalSection
	GlobalSection(SolutionProperties) = preSolution
		HideSolutionNode = FALSE
	EndGlobalSection
	GlobalSection(ExtensibilityGlobals) = postSolution
		SolutionGuid = {D622C510-BA06-44CB-B856-C0E23D3F46D5}
	EndGlobalSection
EndGlobal
